{
  "name": "uWebSockets",
  "version": "1.0.0",
  "lockfileVersion": 1,
  "requires": true,
  "dependencies": {
    "uWebSockets.js": {
      "version": "github:uNetworking/uWebSockets.js#7f9ca90337d4d55646da47fd339dd6a1da74a4ba",
      "from": "github:uNetworking/uWebSockets.js#v15.0.0"
    }
  }
}
